
Microsoft Visual Studio Solution File, Format Version 12.00
# Visual Studio Version 17
VisualStudioVersion = 17.3.32901.215
MinimumVisualStudioVersion = 10.0.40219.1
Project("{8BC9CEB8-8B4A-11D0-8D11-00A0C91BC942}") = "client", "client\client.vcxproj", "{14DD07F3-FC7C-42A4-8421-9E46CB800CBF}"
EndProject
Project("{8BC9CEB8-8B4A-11D0-8D11-00A0C91BC942}") = "server", "server\server.vcxproj", "{66842686-E950-45B0-B984-5F95534ABA36}"
EndProject
Global
	GlobalSection(SolutionConfigurationPlatforms) = preSolution
		Debug|x64 = Debug|x64
		Debug|x86 = Debug|x86
		Release|x64 = Release|x64
		Release|x86 = Release|x86
	EndGlobalSection
	GlobalSection(ProjectConfigurationPlatforms) = postSolution
		{14DD07F3-FC7C-42A4-8421-9E46CB800CBF}.Debug|x64.ActiveCfg = Debug|x64
		{14DD07F3-FC7C-42A4-8421-9E46CB800CBF}.Debug|x64.Build.0 = Debug|x64
		{14DD07F3-FC7C-42A4-8421-9E46CB800CBF}.Debug|x86.ActiveCfg = Debug|Win32
		{14DD07F3-FC7C-42A4-8421-9E46CB800CBF}.Debug|x86.Build.0 = Debug|Win32
		{14DD07F3-FC7C-42A4-8421-9E46CB800CBF}.Release|x64.ActiveCfg = Release|x64
		{14DD07F3-FC7C-42A4-8421-9E46CB800CBF}.Release|x64.Build.0 = Release|x64
		{14DD07F3-FC7C-42A4-8421-9E46CB800CBF}.Release|x86.ActiveCfg = Release|Win32
		{14DD07F3-FC7C-42A4-8421-9E46CB800CBF}.Release|x86.Build.0 = Release|Win32
		{66842686-E950-45B0-B984-5F95534ABA36}.Debug|x64.ActiveCfg = Debug|x64
		{66842686-E950-45B0-B984-5F95534ABA36}.Debug|x64.Build.0 = Debug|x64
		{66842686-E950-45B0-B984-5F95534ABA36}.Debug|x86.ActiveCfg = Debug|Win32
		{66842686-E950-45B0-B984-5F95534ABA36}.Debug|x86.Build.0 = Debug|Win32
		{66842686-E950-45B0-B984-5F95534ABA36}.Release|x64.ActiveCfg = Release|x64
		{66842686-E950-45B0-B984-5F95534ABA36}.Release|x64.Build.0 = Release|x64
		{66842686-E950-45B0-B984-5F95534ABA36}.Release|x86.ActiveCfg = Release|Win32
		{66842686-E950-45B0-B984-5F95534ABA36}.Release|x86.Build.0 = Release|Win32
	EndGlobalSection
	GlobalSection(SolutionProperties) = preSolution
		HideSolutionNode = FALSE
	EndGlobalSection
	GlobalSection(ExtensibilityGlobals) = postSolution
		SolutionGuid = {43B6F10E-B60C-4555-9658-1D4407DA8103}
	EndGlobalSection
EndGlobal
